
Microsoft Visual Studio Solution File, Format Version 12.00
# Visual Studio Version 17
VisualStudioVersion = 17.14.36915.13 d17.14
MinimumVisualStudioVersion = 10.0.40219.1
Project("{FAE04EC0-301F-11D3-BF4B-00C04F79EFBC}") = "Examen_Final_DesarrolloWeb1", "Examen_Final_DesarrolloWeb1\Examen_Final_DesarrolloWeb1.csproj", "{64A5CDE2-4D3A-493D-AA93-F52446342F2E}"
EndProject
Global
	GlobalSection(SolutionConfigurationPlatforms) = preSolution
		Debug|Any CPU = Debug|Any CPU
		Release|Any CPU = Release|Any CPU
	EndGlobalSection
	GlobalSection(ProjectConfigurationPlatforms) = postSolution
		{64A5CDE2-4D3A-493D-AA93-F52446342F2E}.Debug|Any CPU.ActiveCfg = Debug|Any CPU
		{64A5CDE2-4D3A-493D-AA93-F52446342F2E}.Debug|Any CPU.Build.0 = Debug|Any CPU
		{64A5CDE2-4D3A-493D-AA93-F52446342F2E}.Release|Any CPU.ActiveCfg = Release|Any CPU
		{64A5CDE2-4D3A-493D-AA93-F52446342F2E}.Release|Any CPU.Build.0 = Release|Any CPU
	EndGlobalSection
	GlobalSection(SolutionProperties) = preSolution
		HideSolutionNode = FALSE
	EndGlobalSection
	GlobalSection(ExtensibilityGlobals) = postSolution
		SolutionGuid = {A47063FA-D17D-43AD-BACC-0FD2621CF610}
	EndGlobalSection
EndGlobal
